// !$*UTF8*$!
{
	archiveVersion = 1;
	classes = {
	};
	objectVersion = 56;
	objects = {

/* Begin PBXBuildFile section */
		EE0302562A1E063D00553B06 /* AppDelegate.swift in Sources */ = {isa = PBXBuildFile; fileRef = EE0302552A1E063D00553B06 /* AppDelegate.swift */; };
		EE03025F2A1E063F00553B06 /* Assets.xcassets in Resources */ = {isa = PBXBuildFile; fileRef = EE03025E2A1E063F00553B06 /* Assets.xcassets */; };
		EE0302622A1E063F00553B06 /* LaunchScreen.storyboard in Resources */ = {isa = PBXBuildFile; fileRef = EE0302602A1E063F00553B06 /* LaunchScreen.storyboard */; };
		EE03026B2A1E089700553B06 /* XCoordinator in Frameworks */ = {isa = PBXBuildFile; productRef = EE03026A2A1E089700553B06 /* XCoordinator */; };
		EE03026E2A1E08FC00553B06 /* AppCoordinator.swift in Sources */ = {isa = PBXBuildFile; fileRef = EE03026D2A1E08FC00553B06 /* AppCoordinator.swift */; };
		EE0302702A1E0C3C00553B06 /* WelcomeCoordinator.swift in Sources */ = {isa = PBXBuildFile; fileRef = EE03026F2A1E0C3C00553B06 /* WelcomeCoordinator.swift */; };
		EE0302722A1E0D3400553B06 /* HomeCoordinator.swift in Sources */ = {isa = PBXBuildFile; fileRef = EE0302712A1E0D3400553B06 /* HomeCoordinator.swift */; };
		EE0302762A1E0F5000553B06 /* IntroViewController.swift in Sources */ = {isa = PBXBuildFile; fileRef = EE0302752A1E0F5000553B06 /* IntroViewController.swift */; };
		EE0302782A1E0F7900553B06 /* AuthViewController.swift in Sources */ = {isa = PBXBuildFile; fileRef = EE0302772A1E0F7900553B06 /* AuthViewController.swift */; };
		EE03027C2A1E0FE700553B06 /* SearchViewController.swift in Sources */ = {isa = PBXBuildFile; fileRef = EE03027B2A1E0FE700553B06 /* SearchViewController.swift */; };
		EE03027F2A1E102200553B06 /* ChannelsViewController.swift in Sources */ = {isa = PBXBuildFile; fileRef = EE03027E2A1E102200553B06 /* ChannelsViewController.swift */; };
		EE0302812A1E105100553B06 /* ProfileCoordinator.swift in Sources */ = {isa = PBXBuildFile; fileRef = EE0302802A1E105100553B06 /* ProfileCoordinator.swift */; };
		EE0302842A1E116400553B06 /* ProfileViewController.swift in Sources */ = {isa = PBXBuildFile; fileRef = EE0302832A1E116400553B06 /* ProfileViewController.swift */; };
		EE0302862A1E12C800553B06 /* SearchCoordinator.swift in Sources */ = {isa = PBXBuildFile; fileRef = EE0302852A1E12C800553B06 /* SearchCoordinator.swift */; };
		EE0302882A1E134300553B06 /* ChatCoordinator.swift in Sources */ = {isa = PBXBuildFile; fileRef = EE0302872A1E134300553B06 /* ChatCoordinator.swift */; };
		EE03028A2A1E16F800553B06 /* ShareView.swift in Sources */ = {isa = PBXBuildFile; fileRef = EE0302892A1E16F800553B06 /* ShareView.swift */; };
		EE03028F2A1E274800553B06 /* Transition.swift in Sources */ = {isa = PBXBuildFile; fileRef = EE03028E2A1E274800553B06 /* Transition.swift */; };
		EE8F0E912A24659F001E09C0 /* BindableType.swift in Sources */ = {isa = PBXBuildFile; fileRef = EE8F0E902A24659F001E09C0 /* BindableType.swift */; };
		EE8F0E932A2465B3001E09C0 /* AuthViewModel.swift in Sources */ = {isa = PBXBuildFile; fileRef = EE8F0E922A2465B3001E09C0 /* AuthViewModel.swift */; };
/* End PBXBuildFile section */

/* Begin PBXFileReference section */
		EE0302522A1E063D00553B06 /* XCoordinatorSample.app */ = {isa = PBXFileReference; explicitFileType = wrapper.application; includeInIndex = 0; path = XCoordinatorSample.app; sourceTree = BUILT_PRODUCTS_DIR; };
		EE0302552A1E063D00553B06 /* AppDelegate.swift */ = {isa = PBXFileReference; lastKnownFileType = sourcecode.swift; path = AppDelegate.swift; sourceTree = "<group>"; };
		EE03025E2A1E063F00553B06 /* Assets.xcassets */ = {isa = PBXFileReference; lastKnownFileType = folder.assetcatalog; path = Assets.xcassets; sourceTree = "<group>"; };
		EE0302612A1E063F00553B06 /* Base */ = {isa = PBXFileReference; lastKnownFileType = file.storyboard; name = Base; path = Base.lproj/LaunchScreen.storyboard; sourceTree = "<group>"; };
		EE0302632A1E063F00553B06 /* Info.plist */ = {isa = PBXFileReference; lastKnownFileType = text.plist.xml; path = Info.plist; sourceTree = "<group>"; };
		EE03026D2A1E08FC00553B06 /* AppCoordinator.swift */ = {isa = PBXFileReference; lastKnownFileType = sourcecode.swift; path = AppCoordinator.swift; sourceTree = "<group>"; };
		EE03026F2A1E0C3C00553B06 /* WelcomeCoordinator.swift */ = {isa = PBXFileReference; lastKnownFileType = sourcecode.swift; path = WelcomeCoordinator.swift; sourceTree = "<group>"; };
		EE0302712A1E0D3400553B06 /* HomeCoordinator.swift */ = {isa = PBXFileReference; lastKnownFileType = sourcecode.swift; path = HomeCoordinator.swift; sourceTree = "<group>"; };
		EE0302752A1E0F5000553B06 /* IntroViewController.swift */ = {isa = PBXFileReference; lastKnownFileType = sourcecode.swift; path = IntroViewController.swift; sourceTree = "<group>"; };
		EE0302772A1E0F7900553B06 /* AuthViewController.swift */ = {isa = PBXFileReference; lastKnownFileType = sourcecode.swift; path = AuthViewController.swift; sourceTree = "<group>"; };
		EE03027B2A1E0FE700553B06 /* SearchViewController.swift */ = {isa = PBXFileReference; lastKnownFileType = sourcecode.swift; path = SearchViewController.swift; sourceTree = "<group>"; };
		EE03027E2A1E102200553B06 /* ChannelsViewController.swift */ = {isa = PBXFileReference; lastKnownFileType = sourcecode.swift; path = ChannelsViewController.swift; sourceTree = "<group>"; };
		EE0302802A1E105100553B06 /* ProfileCoordinator.swift */ = {isa = PBXFileReference; lastKnownFileType = sourcecode.swift; path = ProfileCoordinator.swift; sourceTree = "<group>"; };
		EE0302832A1E116400553B06 /* ProfileViewController.swift */ = {isa = PBXFileReference; lastKnownFileType = sourcecode.swift; path = ProfileViewController.swift; sourceTree = "<group>"; };
		EE0302852A1E12C800553B06 /* SearchCoordinator.swift */ = {isa = PBXFileReference; lastKnownFileType = sourcecode.swift; path = SearchCoordinator.swift; sourceTree = "<group>"; };
		EE0302872A1E134300553B06 /* ChatCoordinator.swift */ = {isa = PBXFileReference; lastKnownFileType = sourcecode.swift; path = ChatCoordinator.swift; sourceTree = "<group>"; };
		EE0302892A1E16F800553B06 /* ShareView.swift */ = {isa = PBXFileReference; lastKnownFileType = sourcecode.swift; path = ShareView.swift; sourceTree = "<group>"; };
		EE03028E2A1E274800553B06 /* Transition.swift */ = {isa = PBXFileReference; lastKnownFileType = sourcecode.swift; path = Transition.swift; sourceTree = "<group>"; };
		EE8F0E902A24659F001E09C0 /* BindableType.swift */ = {isa = PBXFileReference; lastKnownFileType = sourcecode.swift; path = BindableType.swift; sourceTree = "<group>"; };
		EE8F0E922A2465B3001E09C0 /* AuthViewModel.swift */ = {isa = PBXFileReference; lastKnownFileType = sourcecode.swift; path = AuthViewModel.swift; sourceTree = "<group>"; };
/* End PBXFileReference section */

/* Begin PBXFrameworksBuildPhase section */
		EE03024F2A1E063D00553B06 /* Frameworks */ = {
			isa = PBXFrameworksBuildPhase;
			buildActionMask = 2147483647;
			files = (
				EE03026B2A1E089700553B06 /* XCoordinator in Frameworks */,
			);
			runOnlyForDeploymentPostprocessing = 0;
		};
/* End PBXFrameworksBuildPhase section */

/* Begin PBXGroup section */
		EE0302492A1E063D00553B06 = {
			isa = PBXGroup;
			children = (
				EE0302542A1E063D00553B06 /* XCoordinatorSample */,
				EE0302532A1E063D00553B06 /* Products */,
			);
			sourceTree = "<group>";
		};
		EE0302532A1E063D00553B06 /* Products */ = {
			isa = PBXGroup;
			children = (
				EE0302522A1E063D00553B06 /* XCoordinatorSample.app */,
			);
			name = Products;
			sourceTree = "<group>";
		};
		EE0302542A1E063D00553B06 /* XCoordinatorSample */ = {
			isa = PBXGroup;
			children = (
				EE03028D2A1E273B00553B06 /* Extensions */,
				EE0302732A1E0EFD00553B06 /* Scenes */,
				EE03026C2A1E08E500553B06 /* Coordinators */,
				EE0302552A1E063D00553B06 /* AppDelegate.swift */,
				EE03025E2A1E063F00553B06 /* Assets.xcassets */,
				EE0302602A1E063F00553B06 /* LaunchScreen.storyboard */,
				EE0302632A1E063F00553B06 /* Info.plist */,
				EE8F0E902A24659F001E09C0 /* BindableType.swift */,
			);
			path = XCoordinatorSample;
			sourceTree = "<group>";
		};
		EE03026C2A1E08E500553B06 /* Coordinators */ = {
			isa = PBXGroup;
			children = (
				EE03026D2A1E08FC00553B06 /* AppCoordinator.swift */,
				EE03026F2A1E0C3C00553B06 /* WelcomeCoordinator.swift */,
				EE0302712A1E0D3400553B06 /* HomeCoordinator.swift */,
				EE0302802A1E105100553B06 /* ProfileCoordinator.swift */,
				EE0302852A1E12C800553B06 /* SearchCoordinator.swift */,
				EE0302872A1E134300553B06 /* ChatCoordinator.swift */,
			);
			path = Coordinators;
			sourceTree = "<group>";
		};
		EE0302732A1E0EFD00553B06 /* Scenes */ = {
			isa = PBXGroup;
			children = (
				EE0302822A1E114C00553B06 /* Profile */,
				EE03027D2A1E100400553B06 /* Chat */,
				EE03027A2A1E0FDA00553B06 /* Search */,
				EE0302742A1E0F2C00553B06 /* Welcome */,
				EE0302892A1E16F800553B06 /* ShareView.swift */,
			);
			path = Scenes;
			sourceTree = "<group>";
		};
		EE0302742A1E0F2C00553B06 /* Welcome */ = {
			isa = PBXGroup;
			children = (
				EE0302752A1E0F5000553B06 /* IntroViewController.swift */,
				EE0302772A1E0F7900553B06 /* AuthViewController.swift */,
				EE8F0E922A2465B3001E09C0 /* AuthViewModel.swift */,
			);
			path = Welcome;
			sourceTree = "<group>";
		};
		EE03027A2A1E0FDA00553B06 /* Search */ = {
			isa = PBXGroup;
			children = (
				EE03027B2A1E0FE700553B06 /* SearchViewController.swift */,
			);
			path = Search;
			sourceTree = "<group>";
		};
		EE03027D2A1E100400553B06 /* Chat */ = {
			isa = PBXGroup;
			children = (
				EE03027E2A1E102200553B06 /* ChannelsViewController.swift */,
			);
			path = Chat;
			sourceTree = "<group>";
		};
		EE0302822A1E114C00553B06 /* Profile */ = {
			isa = PBXGroup;
			children = (
				EE0302832A1E116400553B06 /* ProfileViewController.swift */,
			);
			path = Profile;
			sourceTree = "<group>";
		};
		EE03028D2A1E273B00553B06 /* Extensions */ = {
			isa = PBXGroup;
			children = (
				EE03028E2A1E274800553B06 /* Transition.swift */,
			);
			path = Extensions;
			sourceTree = "<group>";
		};
/* End PBXGroup section */

/* Begin PBXNativeTarget section */
		EE0302512A1E063D00553B06 /* XCoordinatorSample */ = {
			isa = PBXNativeTarget;
			buildConfigurationList = EE0302662A1E063F00553B06 /* Build configuration list for PBXNativeTarget "XCoordinatorSample" */;
			buildPhases = (
				EE03024E2A1E063D00553B06 /* Sources */,
				EE03024F2A1E063D00553B06 /* Frameworks */,
				EE0302502A1E063D00553B06 /* Resources */,
			);
			buildRules = (
			);
			dependencies = (
			);
			name = XCoordinatorSample;
			packageProductDependencies = (
				EE03026A2A1E089700553B06 /* XCoordinator */,
			);
			productName = XCoordinatorSample;
			productReference = EE0302522A1E063D00553B06 /* XCoordinatorSample.app */;
			productType = "com.apple.product-type.application";
		};
/* End PBXNativeTarget section */

/* Begin PBXProject section */
		EE03024A2A1E063D00553B06 /* Project object */ = {
			isa = PBXProject;
			attributes = {
				BuildIndependentTargetsInParallel = 1;
				LastSwiftUpdateCheck = 1410;
				LastUpgradeCheck = 1410;
				TargetAttributes = {
					EE0302512A1E063D00553B06 = {
						CreatedOnToolsVersion = 14.1;
					};
				};
			};
			buildConfigurationList = EE03024D2A1E063D00553B06 /* Build configuration list for PBXProject "XCoordinatorSample" */;
			compatibilityVersion = "Xcode 14.0";
			developmentRegion = en;
			hasScannedForEncodings = 0;
			knownRegions = (
				en,
				Base,
			);
			mainGroup = EE0302492A1E063D00553B06;
			packageReferences = (
				EE0302692A1E089700553B06 /* XCRemoteSwiftPackageReference "XCoordinator" */,
			);
			productRefGroup = EE0302532A1E063D00553B06 /* Products */;
			projectDirPath = "";
			projectRoot = "";
			targets = (
				EE0302512A1E063D00553B06 /* XCoordinatorSample */,
			);
		};
/* End PBXProject section */

/* Begin PBXResourcesBuildPhase section */
		EE0302502A1E063D00553B06 /* Resources */ = {
			isa = PBXResourcesBuildPhase;
			buildActionMask = 2147483647;
			files = (
				EE0302622A1E063F00553B06 /* LaunchScreen.storyboard in Resources */,
				EE03025F2A1E063F00553B06 /* Assets.xcassets in Resources */,
			);
			runOnlyForDeploymentPostprocessing = 0;
		};
/* End PBXResourcesBuildPhase section */

/* Begin PBXSourcesBuildPhase section */
		EE03024E2A1E063D00553B06 /* Sources */ = {
			isa = PBXSourcesBuildPhase;
			buildActionMask = 2147483647;
			files = (
				EE03028A2A1E16F800553B06 /* ShareView.swift in Sources */,
				EE0302812A1E105100553B06 /* ProfileCoordinator.swift in Sources */,
				EE0302862A1E12C800553B06 /* SearchCoordinator.swift in Sources */,
				EE0302882A1E134300553B06 /* ChatCoordinator.swift in Sources */,
				EE8F0E912A24659F001E09C0 /* BindableType.swift in Sources */,
				EE03028F2A1E274800553B06 /* Transition.swift in Sources */,
				EE03026E2A1E08FC00553B06 /* AppCoordinator.swift in Sources */,
				EE0302762A1E0F5000553B06 /* IntroViewController.swift in Sources */,
				EE03027C2A1E0FE700553B06 /* SearchViewController.swift in Sources */,
				EE0302702A1E0C3C00553B06 /* WelcomeCoordinator.swift in Sources */,
				EE0302842A1E116400553B06 /* ProfileViewController.swift in Sources */,
				EE0302782A1E0F7900553B06 /* AuthViewController.swift in Sources */,
				EE8F0E932A2465B3001E09C0 /* AuthViewModel.swift in Sources */,
				EE0302562A1E063D00553B06 /* AppDelegate.swift in Sources */,
				EE03027F2A1E102200553B06 /* ChannelsViewController.swift in Sources */,
				EE0302722A1E0D3400553B06 /* HomeCoordinator.swift in Sources */,
			);
			runOnlyForDeploymentPostprocessing = 0;
		};
/* End PBXSourcesBuildPhase section */

/* Begin PBXVariantGroup section */
		EE0302602A1E063F00553B06 /* LaunchScreen.storyboard */ = {
			isa = PBXVariantGroup;
			children = (
				EE0302612A1E063F00553B06 /* Base */,
			);
			name = LaunchScreen.storyboard;
			sourceTree = "<group>";
		};
/* End PBXVariantGroup section */

/* Begin XCBuildConfiguration section */
		EE0302642A1E063F00553B06 /* Debug */ = {
			isa = XCBuildConfiguration;
			buildSettings = {
				ALWAYS_SEARCH_USER_PATHS = NO;
				CLANG_ANALYZER_NONNULL = YES;
				CLANG_ANALYZER_NUMBER_OBJECT_CONVERSION = YES_AGGRESSIVE;
				CLANG_CXX_LANGUAGE_STANDARD = "gnu++20";
				CLANG_ENABLE_MODULES = YES;
				CLANG_ENABLE_OBJC_ARC = YES;
				CLANG_ENABLE_OBJC_WEAK = YES;
				CLANG_WARN_BLOCK_CAPTURE_AUTORELEASING = YES;
				CLANG_WARN_BOOL_CONVERSION = YES;
				CLANG_WARN_COMMA = YES;
				CLANG_WARN_CONSTANT_CONVERSION = YES;
				CLANG_WARN_DEPRECATED_OBJC_IMPLEMENTATIONS = YES;
				CLANG_WARN_DIRECT_OBJC_ISA_USAGE = YES_ERROR;
				CLANG_WARN_DOCUMENTATION_COMMENTS = YES;
				CLANG_WARN_EMPTY_BODY = YES;
				CLANG_WARN_ENUM_CONVERSION = YES;
				CLANG_WARN_INFINITE_RECURSION = YES;
				CLANG_WARN_INT_CONVERSION = YES;
				CLANG_WARN_NON_LITERAL_NULL_CONVERSION = YES;
				CLANG_WARN_OBJC_IMPLICIT_RETAIN_SELF = YES;
				CLANG_WARN_OBJC_LITERAL_CONVERSION = YES;
				CLANG_WARN_OBJC_ROOT_CLASS = YES_ERROR;
				CLANG_WARN_QUOTED_INCLUDE_IN_FRAMEWORK_HEADER = YES;
				CLANG_WARN_RANGE_LOOP_ANALYSIS = YES;
				CLANG_WARN_STRICT_PROTOTYPES = YES;
				CLANG_WARN_SUSPICIOUS_MOVE = YES;
				CLANG_WARN_UNGUARDED_AVAILABILITY = YES_AGGRESSIVE;
				CLANG_WARN_UNREACHABLE_CODE = YES;
				CLANG_WARN__DUPLICATE_METHOD_MATCH = YES;
				COPY_PHASE_STRIP = NO;
				DEBUG_INFORMATION_FORMAT = dwarf;
				ENABLE_STRICT_OBJC_MSGSEND = YES;
				ENABLE_TESTABILITY = YES;
				GCC_C_LANGUAGE_STANDARD = gnu11;
				GCC_DYNAMIC_NO_PIC = NO;
				GCC_NO_COMMON_BLOCKS = YES;
				GCC_OPTIMIZATION_LEVEL = 0;
				GCC_PREPROCESSOR_DEFINITIONS = (
					"DEBUG=1",
					"$(inherited)",
				);
				GCC_WARN_64_TO_32_BIT_CONVERSION = YES;
				GCC_WARN_ABOUT_RETURN_TYPE = YES_ERROR;
				GCC_WARN_UNDECLARED_SELECTOR = YES;
				GCC_WARN_UNINITIALIZED_AUTOS = YES_AGGRESSIVE;
				GCC_WARN_UNUSED_FUNCTION = YES;
				GCC_WARN_UNUSED_VARIABLE = YES;
				IPHONEOS_DEPLOYMENT_TARGET = 13.0;
				MTL_ENABLE_DEBUG_INFO = INCLUDE_SOURCE;
				MTL_FAST_MATH = YES;
				ONLY_ACTIVE_ARCH = YES;
				SDKROOT = iphoneos;
				SWIFT_ACTIVE_COMPILATION_CONDITIONS = DEBUG;
				SWIFT_OPTIMIZATION_LEVEL = "-Onone";
			};
			name = Debug;
		};
		EE0302652A1E063F00553B06 /* Release */ = {
			isa = XCBuildConfiguration;
			buildSettings = {
				ALWAYS_SEARCH_USER_PATHS = NO;
				CLANG_ANALYZER_NONNULL = YES;
				CLANG_ANALYZER_NUMBER_OBJECT_CONVERSION = YES_AGGRESSIVE;
				CLANG_CXX_LANGUAGE_STANDARD = "gnu++20";
				CLANG_ENABLE_MODULES = YES;
				CLANG_ENABLE_OBJC_ARC = YES;
				CLANG_ENABLE_OBJC_WEAK = YES;
				CLANG_WARN_BLOCK_CAPTURE_AUTORELEASING = YES;
				CLANG_WARN_BOOL_CONVERSION = YES;
				CLANG_WARN_COMMA = YES;
				CLANG_WARN_CONSTANT_CONVERSION = YES;
				CLANG_WARN_DEPRECATED_OBJC_IMPLEMENTATIONS = YES;
				CLANG_WARN_DIRECT_OBJC_ISA_USAGE = YES_ERROR;
				CLANG_WARN_DOCUMENTATION_COMMENTS = YES;
				CLANG_WARN_EMPTY_BODY = YES;
				CLANG_WARN_ENUM_CONVERSION = YES;
				CLANG_WARN_INFINITE_RECURSION = YES;
				CLANG_WARN_INT_CONVERSION = YES;
				CLANG_WARN_NON_LITERAL_NULL_CONVERSION = YES;
				CLANG_WARN_OBJC_IMPLICIT_RETAIN_SELF = YES;
				CLANG_WARN_OBJC_LITERAL_CONVERSION = YES;
				CLANG_WARN_OBJC_ROOT_CLASS = YES_ERROR;
				CLANG_WARN_QUOTED_INCLUDE_IN_FRAMEWORK_HEADER = YES;
				CLANG_WARN_RANGE_LOOP_ANALYSIS = YES;
				CLANG_WARN_STRICT_PROTOTYPES = YES;
				CLANG_WARN_SUSPICIOUS_MOVE = YES;
				CLANG_WARN_UNGUARDED_AVAILABILITY = YES_AGGRESSIVE;
				CLANG_WARN_UNREACHABLE_CODE = YES;
				CLANG_WARN__DUPLICATE_METHOD_MATCH = YES;
				COPY_PHASE_STRIP = NO;
				DEBUG_INFORMATION_FORMAT = "dwarf-with-dsym";
				ENABLE_NS_ASSERTIONS = NO;
				ENABLE_STRICT_OBJC_MSGSEND = YES;
				GCC_C_LANGUAGE_STANDARD = gnu11;
				GCC_NO_COMMON_BLOCKS = YES;
				GCC_WARN_64_TO_32_BIT_CONVERSION = YES;
				GCC_WARN_ABOUT_RETURN_TYPE = YES_ERROR;
				GCC_WARN_UNDECLARED_SELECTOR = YES;
				GCC_WARN_UNINITIALIZED_AUTOS = YES_AGGRESSIVE;
				GCC_WARN_UNUSED_FUNCTION = YES;
				GCC_WARN_UNUSED_VARIABLE = YES;
				IPHONEOS_DEPLOYMENT_TARGET = 13.0;
				MTL_ENABLE_DEBUG_INFO = NO;
				MTL_FAST_MATH = YES;
				SDKROOT = iphoneos;
				SWIFT_COMPILATION_MODE = wholemodule;
				SWIFT_OPTIMIZATION_LEVEL = "-O";
				VALIDATE_PRODUCT = YES;
			};
			name = Release;
		};
		EE0302672A1E063F00553B06 /* Debug */ = {
			isa = XCBuildConfiguration;
			buildSettings = {
				ASSETCATALOG_COMPILER_APPICON_NAME = AppIcon;
				ASSETCATALOG_COMPILER_GLOBAL_ACCENT_COLOR_NAME = AccentColor;
				CODE_SIGN_STYLE = Automatic;
				CURRENT_PROJECT_VERSION = 1;
				DEVELOPMENT_TEAM = C73P977B8G;
				GENERATE_INFOPLIST_FILE = YES;
				INFOPLIST_FILE = XCoordinatorSample/Info.plist;
				INFOPLIST_KEY_UIApplicationSupportsIndirectInputEvents = YES;
				INFOPLIST_KEY_UILaunchStoryboardName = LaunchScreen;
				INFOPLIST_KEY_UISupportedInterfaceOrientations_iPad = "UIInterfaceOrientationPortrait UIInterfaceOrientationPortraitUpsideDown UIInterfaceOrientationLandscapeLeft UIInterfaceOrientationLandscapeRight";
				INFOPLIST_KEY_UISupportedInterfaceOrientations_iPhone = "UIInterfaceOrientationPortrait UIInterfaceOrientationLandscapeLeft UIInterfaceOrientationLandscapeRight";
				LD_RUNPATH_SEARCH_PATHS = (
					"$(inherited)",
					"@executable_path/Frameworks",
				);
				MARKETING_VERSION = 1.0;
				PRODUCT_BUNDLE_IDENTIFIER = com.halome.XCoordinatorSample;
				PRODUCT_NAME = "$(TARGET_NAME)";
				SWIFT_EMIT_LOC_STRINGS = YES;
				SWIFT_VERSION = 5.0;
				TARGETED_DEVICE_FAMILY = "1,2";
			};
			name = Debug;
		};
		EE0302682A1E063F00553B06 /* Release */ = {
			isa = XCBuildConfiguration;
			buildSettings = {
				ASSETCATALOG_COMPILER_APPICON_NAME = AppIcon;
				ASSETCATALOG_COMPILER_GLOBAL_ACCENT_COLOR_NAME = AccentColor;
				CODE_SIGN_STYLE = Automatic;
				CURRENT_PROJECT_VERSION = 1;
				DEVELOPMENT_TEAM = C73P977B8G;
				GENERATE_INFOPLIST_FILE = YES;
				INFOPLIST_FILE = XCoordinatorSample/Info.plist;
				INFOPLIST_KEY_UIApplicationSupportsIndirectInputEvents = YES;
				INFOPLIST_KEY_UILaunchStoryboardName = LaunchScreen;
				INFOPLIST_KEY_UISupportedInterfaceOrientations_iPad = "UIInterfaceOrientationPortrait UIInterfaceOrientationPortraitUpsideDown UIInterfaceOrientationLandscapeLeft UIInterfaceOrientationLandscapeRight";
				INFOPLIST_KEY_UISupportedInterfaceOrientations_iPhone = "UIInterfaceOrientationPortrait UIInterfaceOrientationLandscapeLeft UIInterfaceOrientationLandscapeRight";
				LD_RUNPATH_SEARCH_PATHS = (
					"$(inherited)",
					"@executable_path/Frameworks",
				);
				MARKETING_VERSION = 1.0;
				PRODUCT_BUNDLE_IDENTIFIER = com.halome.XCoordinatorSample;
				PRODUCT_NAME = "$(TARGET_NAME)";
				SWIFT_EMIT_LOC_STRINGS = YES;
				SWIFT_VERSION = 5.0;
				TARGETED_DEVICE_FAMILY = "1,2";
			};
			name = Release;
		};
/* End XCBuildConfiguration section */

/* Begin XCConfigurationList section */
		EE03024D2A1E063D00553B06 /* Build configuration list for PBXProject "XCoordinatorSample" */ = {
			isa = XCConfigurationList;
			buildConfigurations = (
				EE0302642A1E063F00553B06 /* Debug */,
				EE0302652A1E063F00553B06 /* Release */,
			);
			defaultConfigurationIsVisible = 0;
			defaultConfigurationName = Release;
		};
		EE0302662A1E063F00553B06 /* Build configuration list for PBXNativeTarget "XCoordinatorSample" */ = {
			isa = XCConfigurationList;
			buildConfigurations = (
				EE0302672A1E063F00553B06 /* Debug */,
				EE0302682A1E063F00553B06 /* Release */,
			);
			defaultConfigurationIsVisible = 0;
			defaultConfigurationName = Release;
		};
/* End XCConfigurationList section */

/* Begin XCRemoteSwiftPackageReference section */
		EE0302692A1E089700553B06 /* XCRemoteSwiftPackageReference "XCoordinator" */ = {
			isa = XCRemoteSwiftPackageReference;
			repositoryURL = "https://github.com/quickbirdstudios/XCoordinator.git";
			requirement = {
				kind = exactVersion;
				version = 2.2.1;
			};
		};
/* End XCRemoteSwiftPackageReference section */

/* Begin XCSwiftPackageProductDependency section */
		EE03026A2A1E089700553B06 /* XCoordinator */ = {
			isa = XCSwiftPackageProductDependency;
			package = EE0302692A1E089700553B06 /* XCRemoteSwiftPackageReference "XCoordinator" */;
			productName = XCoordinator;
		};
/* End XCSwiftPackageProductDependency section */
	};
	rootObject = EE03024A2A1E063D00553B06 /* Project object */;
}
